// !$*UTF8*$!
{
	archiveVersion = 1;
	classes = {
	};
	objectVersion = 50;
	objects = {

/* Begin PBXBuildFile section */
		68A4F8548F7E10110624727B /* Pods_Entree_FederatieTests.framework in Frameworks */ = {isa = PBXBuildFile; fileRef = 00501DA25FCF7EF427443960 /* Pods_Entree_FederatieTests.framework */; };
		8672BC1022DC6F13001D599D /* AppDelegate.swift in Sources */ = {isa = PBXBuildFile; fileRef = 8672BC0F22DC6F13001D599D /* AppDelegate.swift */; };
		8672BC1522DC6F13001D599D /* Main.storyboard in Resources */ = {isa = PBXBuildFile; fileRef = 8672BC1322DC6F13001D599D /* Main.storyboard */; };
		8672BC1722DC6F14001D599D /* Assets.xcassets in Resources */ = {isa = PBXBuildFile; fileRef = 8672BC1622DC6F14001D599D /* Assets.xcassets */; };
		8672BC1A22DC6F14001D599D /* LaunchScreen.storyboard in Resources */ = {isa = PBXBuildFile; fileRef = 8672BC1822DC6F14001D599D /* LaunchScreen.storyboard */; };
		8672BC2522DC6F14001D599D /* Entree_FederatieTests.swift in Sources */ = {isa = PBXBuildFile; fileRef = 8672BC2422DC6F14001D599D /* Entree_FederatieTests.swift */; };
		8672BC3022DC7DD0001D599D /* LoginViewController.swift in Sources */ = {isa = PBXBuildFile; fileRef = 8672BC2F22DC7DD0001D599D /* LoginViewController.swift */; };
		8672BC3422DCA298001D599D /* MainViewController.swift in Sources */ = {isa = PBXBuildFile; fileRef = 8672BC3322DCA298001D599D /* MainViewController.swift */; };
		8672BC3722DCAF10001D599D /* HTTPCookieArchiving.swift in Sources */ = {isa = PBXBuildFile; fileRef = 8672BC3622DCAF10001D599D /* HTTPCookieArchiving.swift */; };
		8672BC3A22DCC027001D599D /* SessionManager.swift in Sources */ = {isa = PBXBuildFile; fileRef = 8672BC3922DCC027001D599D /* SessionManager.swift */; };
		8672BC3C22E06A2C001D599D /* SessionStorage.swift in Sources */ = {isa = PBXBuildFile; fileRef = 8672BC3B22E06A2C001D599D /* SessionStorage.swift */; };
		86BD568F22E0A15D0001E1E0 /* HTTPManager.swift in Sources */ = {isa = PBXBuildFile; fileRef = 86BD568E22E0A15D0001E1E0 /* HTTPManager.swift */; };
		86E1B09022E0A993001ED349 /* HTMLParser.swift in Sources */ = {isa = PBXBuildFile; fileRef = 86E1B08F22E0A993001ED349 /* HTMLParser.swift */; };
		86E1B09322E0AA1B001ED349 /* ReferentieProperties.swift in Sources */ = {isa = PBXBuildFile; fileRef = 86E1B09222E0AA1B001ED349 /* ReferentieProperties.swift */; };
		86E1B09522E0AB00001ED349 /* ReadReferentieProperties.js in Resources */ = {isa = PBXBuildFile; fileRef = 86E1B09422E0AB00001ED349 /* ReadReferentieProperties.js */; };
		C90921C2C2CA66288DE056EA /* Pods_Entree_Federatie.framework in Frameworks */ = {isa = PBXBuildFile; fileRef = BE43DAD0A2427068DBC186F1 /* Pods_Entree_Federatie.framework */; };
/* End PBXBuildFile section */

/* Begin PBXContainerItemProxy section */
		8672BC2122DC6F14001D599D /* PBXContainerItemProxy */ = {
			isa = PBXContainerItemProxy;
			containerPortal = 8672BC0422DC6F13001D599D /* Project object */;
			proxyType = 1;
			remoteGlobalIDString = 8672BC0B22DC6F13001D599D;
			remoteInfo = "Entree Federatie";
		};
/* End PBXContainerItemProxy section */

/* Begin PBXFileReference section */
		00501DA25FCF7EF427443960 /* Pods_Entree_FederatieTests.framework */ = {isa = PBXFileReference; explicitFileType = wrapper.framework; includeInIndex = 0; path = Pods_Entree_FederatieTests.framework; sourceTree = BUILT_PRODUCTS_DIR; };
		0F688BBB052F24DCE3629843 /* Pods-Entree FederatieTests.release.xcconfig */ = {isa = PBXFileReference; includeInIndex = 1; lastKnownFileType = text.xcconfig; name = "Pods-Entree FederatieTests.release.xcconfig"; path = "Target Support Files/Pods-Entree FederatieTests/Pods-Entree FederatieTests.release.xcconfig"; sourceTree = "<group>"; };
		1EAB7D31ED95E4572355B6AF /* Pods-Entree Federatie.release.xcconfig */ = {isa = PBXFileReference; includeInIndex = 1; lastKnownFileType = text.xcconfig; name = "Pods-Entree Federatie.release.xcconfig"; path = "Target Support Files/Pods-Entree Federatie/Pods-Entree Federatie.release.xcconfig"; sourceTree = "<group>"; };
		37D3E50F9788867767B7AFB6 /* Pods-Entree Federatie.debug.xcconfig */ = {isa = PBXFileReference; includeInIndex = 1; lastKnownFileType = text.xcconfig; name = "Pods-Entree Federatie.debug.xcconfig"; path = "Target Support Files/Pods-Entree Federatie/Pods-Entree Federatie.debug.xcconfig"; sourceTree = "<group>"; };
		8672BC0C22DC6F13001D599D /* Entree Federatie.app */ = {isa = PBXFileReference; explicitFileType = wrapper.application; includeInIndex = 0; path = "Entree Federatie.app"; sourceTree = BUILT_PRODUCTS_DIR; };
		8672BC0F22DC6F13001D599D /* AppDelegate.swift */ = {isa = PBXFileReference; lastKnownFileType = sourcecode.swift; path = AppDelegate.swift; sourceTree = "<group>"; };
		8672BC1422DC6F13001D599D /* Base */ = {isa = PBXFileReference; lastKnownFileType = file.storyboard; name = Base; path = Base.lproj/Main.storyboard; sourceTree = "<group>"; };
		8672BC1622DC6F14001D599D /* Assets.xcassets */ = {isa = PBXFileReference; lastKnownFileType = folder.assetcatalog; path = Assets.xcassets; sourceTree = "<group>"; };
		8672BC1922DC6F14001D599D /* Base */ = {isa = PBXFileReference; lastKnownFileType = file.storyboard; name = Base; path = Base.lproj/LaunchScreen.storyboard; sourceTree = "<group>"; };
		8672BC1B22DC6F14001D599D /* Info.plist */ = {isa = PBXFileReference; lastKnownFileType = text.plist.xml; path = Info.plist; sourceTree = "<group>"; };
		8672BC2022DC6F14001D599D /* Entree FederatieTests.xctest */ = {isa = PBXFileReference; explicitFileType = wrapper.cfbundle; includeInIndex = 0; path = "Entree FederatieTests.xctest"; sourceTree = BUILT_PRODUCTS_DIR; };
		8672BC2422DC6F14001D599D /* Entree_FederatieTests.swift */ = {isa = PBXFileReference; lastKnownFileType = sourcecode.swift; path = Entree_FederatieTests.swift; sourceTree = "<group>"; };
		8672BC2622DC6F14001D599D /* Info.plist */ = {isa = PBXFileReference; lastKnownFileType = text.plist.xml; path = Info.plist; sourceTree = "<group>"; };
		8672BC2F22DC7DD0001D599D /* LoginViewController.swift */ = {isa = PBXFileReference; lastKnownFileType = sourcecode.swift; path = LoginViewController.swift; sourceTree = "<group>"; };
		8672BC3322DCA298001D599D /* MainViewController.swift */ = {isa = PBXFileReference; lastKnownFileType = sourcecode.swift; path = MainViewController.swift; sourceTree = "<group>"; };
		8672BC3622DCAF10001D599D /* HTTPCookieArchiving.swift */ = {isa = PBXFileReference; lastKnownFileType = sourcecode.swift; path = HTTPCookieArchiving.swift; sourceTree = "<group>"; };
		8672BC3922DCC027001D599D /* SessionManager.swift */ = {isa = PBXFileReference; lastKnownFileType = sourcecode.swift; path = SessionManager.swift; sourceTree = "<group>"; };
		8672BC3B22E06A2C001D599D /* SessionStorage.swift */ = {isa = PBXFileReference; lastKnownFileType = sourcecode.swift; path = SessionStorage.swift; sourceTree = "<group>"; };
		86BD568D22E077060001E1E0 /* Entree Federatie.entitlements */ = {isa = PBXFileReference; lastKnownFileType = text.plist.entitlements; path = "Entree Federatie.entitlements"; sourceTree = "<group>"; };
		86BD568E22E0A15D0001E1E0 /* HTTPManager.swift */ = {isa = PBXFileReference; lastKnownFileType = sourcecode.swift; path = HTTPManager.swift; sourceTree = "<group>"; };
		86E1B08F22E0A993001ED349 /* HTMLParser.swift */ = {isa = PBXFileReference; lastKnownFileType = sourcecode.swift; path = HTMLParser.swift; sourceTree = "<group>"; };
		86E1B09222E0AA1B001ED349 /* ReferentieProperties.swift */ = {isa = PBXFileReference; lastKnownFileType = sourcecode.swift; path = ReferentieProperties.swift; sourceTree = "<group>"; };
		86E1B09422E0AB00001ED349 /* ReadReferentieProperties.js */ = {isa = PBXFileReference; lastKnownFileType = sourcecode.javascript; path = ReadReferentieProperties.js; sourceTree = "<group>"; };
		BE43DAD0A2427068DBC186F1 /* Pods_Entree_Federatie.framework */ = {isa = PBXFileReference; explicitFileType = wrapper.framework; includeInIndex = 0; path = Pods_Entree_Federatie.framework; sourceTree = BUILT_PRODUCTS_DIR; };
		F0B75A6617D4A0E762F08124 /* Pods-Entree FederatieTests.debug.xcconfig */ = {isa = PBXFileReference; includeInIndex = 1; lastKnownFileType = text.xcconfig; name = "Pods-Entree FederatieTests.debug.xcconfig"; path = "Target Support Files/Pods-Entree FederatieTests/Pods-Entree FederatieTests.debug.xcconfig"; sourceTree = "<group>"; };
/* End PBXFileReference section */

/* Begin PBXFrameworksBuildPhase section */
		8672BC0922DC6F13001D599D /* Frameworks */ = {
			isa = PBXFrameworksBuildPhase;
			buildActionMask = 2147483647;
			files = (
				C90921C2C2CA66288DE056EA /* Pods_Entree_Federatie.framework in Frameworks */,
			);
			runOnlyForDeploymentPostprocessing = 0;
		};
		8672BC1D22DC6F14001D599D /* Frameworks */ = {
			isa = PBXFrameworksBuildPhase;
			buildActionMask = 2147483647;
			files = (
				68A4F8548F7E10110624727B /* Pods_Entree_FederatieTests.framework in Frameworks */,
			);
			runOnlyForDeploymentPostprocessing = 0;
		};
/* End PBXFrameworksBuildPhase section */

/* Begin PBXGroup section */
		8672BC0322DC6F13001D599D = {
			isa = PBXGroup;
			children = (
				8672BC0E22DC6F13001D599D /* Entree Federatie */,
				8672BC2322DC6F14001D599D /* Entree FederatieTests */,
				8672BC0D22DC6F13001D599D /* Products */,
				CC88A4EBA3174FF0BDBBBFDB /* Pods */,
				870D832DE6BEA1EE7F65F490 /* Frameworks */,
			);
			sourceTree = "<group>";
		};
		8672BC0D22DC6F13001D599D /* Products */ = {
			isa = PBXGroup;
			children = (
				8672BC0C22DC6F13001D599D /* Entree Federatie.app */,
				8672BC2022DC6F14001D599D /* Entree FederatieTests.xctest */,
			);
			name = Products;
			sourceTree = "<group>";
		};
		8672BC0E22DC6F13001D599D /* Entree Federatie */ = {
			isa = PBXGroup;
			children = (
				86BD568D22E077060001E1E0 /* Entree Federatie.entitlements */,
				8672BC3822DCC016001D599D /* Data */,
				8672BC3522DCAEF2001D599D /* Extensions */,
				8672BC3222DC9A98001D599D /* Controllers */,
				8672BC3122DC9A45001D599D /* SupportFiles */,
			);
			path = "Entree Federatie";
			sourceTree = "<group>";
		};
		8672BC2322DC6F14001D599D /* Entree FederatieTests */ = {
			isa = PBXGroup;
			children = (
				8672BC2422DC6F14001D599D /* Entree_FederatieTests.swift */,
				8672BC2622DC6F14001D599D /* Info.plist */,
			);
			path = "Entree FederatieTests";
			sourceTree = "<group>";
		};
		8672BC3122DC9A45001D599D /* SupportFiles */ = {
			isa = PBXGroup;
			children = (
				8672BC1B22DC6F14001D599D /* Info.plist */,
				8672BC0F22DC6F13001D599D /* AppDelegate.swift */,
				8672BC1622DC6F14001D599D /* Assets.xcassets */,
			);
			path = SupportFiles;
			sourceTree = "<group>";
		};
		8672BC3222DC9A98001D599D /* Controllers */ = {
			isa = PBXGroup;
			children = (
				8672BC1322DC6F13001D599D /* Main.storyboard */,
				8672BC1822DC6F14001D599D /* LaunchScreen.storyboard */,
				8672BC2F22DC7DD0001D599D /* LoginViewController.swift */,
				8672BC3322DCA298001D599D /* MainViewController.swift */,
			);
			path = Controllers;
			sourceTree = "<group>";
		};
		8672BC3522DCAEF2001D599D /* Extensions */ = {
			isa = PBXGroup;
			children = (
				8672BC3622DCAF10001D599D /* HTTPCookieArchiving.swift */,
			);
			path = Extensions;
			sourceTree = "<group>";
		};
		8672BC3822DCC016001D599D /* Data */ = {
			isa = PBXGroup;
			children = (
				86E1B09122E0AA04001ED349 /* Models */,
				86E1B08E22E0A97C001ED349 /* ParseHTML */,
				8672BC3922DCC027001D599D /* SessionManager.swift */,
				8672BC3B22E06A2C001D599D /* SessionStorage.swift */,
				86BD568E22E0A15D0001E1E0 /* HTTPManager.swift */,
			);
			path = Data;
			sourceTree = "<group>";
		};
		86E1B08E22E0A97C001ED349 /* ParseHTML */ = {
			isa = PBXGroup;
			children = (
				86E1B08F22E0A993001ED349 /* HTMLParser.swift */,
				86E1B09422E0AB00001ED349 /* ReadReferentieProperties.js */,
			);
			path = ParseHTML;
			sourceTree = "<group>";
		};
		86E1B09122E0AA04001ED349 /* Models */ = {
			isa = PBXGroup;
			children = (
				86E1B09222E0AA1B001ED349 /* ReferentieProperties.swift */,
			);
			path = Models;
			sourceTree = "<group>";
		};
		870D832DE6BEA1EE7F65F490 /* Frameworks */ = {
			isa = PBXGroup;
			children = (
				BE43DAD0A2427068DBC186F1 /* Pods_Entree_Federatie.framework */,
				00501DA25FCF7EF427443960 /* Pods_Entree_FederatieTests.framework */,
			);
			name = Frameworks;
			sourceTree = "<group>";
		};
		CC88A4EBA3174FF0BDBBBFDB /* Pods */ = {
			isa = PBXGroup;
			children = (
				37D3E50F9788867767B7AFB6 /* Pods-Entree Federatie.debug.xcconfig */,
				1EAB7D31ED95E4572355B6AF /* Pods-Entree Federatie.release.xcconfig */,
				F0B75A6617D4A0E762F08124 /* Pods-Entree FederatieTests.debug.xcconfig */,
				0F688BBB052F24DCE3629843 /* Pods-Entree FederatieTests.release.xcconfig */,
			);
			path = Pods;
			sourceTree = "<group>";
		};
/* End PBXGroup section */

/* Begin PBXNativeTarget section */
		8672BC0B22DC6F13001D599D /* Entree Federatie */ = {
			isa = PBXNativeTarget;
			buildConfigurationList = 8672BC2922DC6F14001D599D /* Build configuration list for PBXNativeTarget "Entree Federatie" */;
			buildPhases = (
				2D99EAF1E504CCECCEF615B8 /* [CP] Check Pods Manifest.lock */,
				8672BC0822DC6F13001D599D /* Sources */,
				8672BC0922DC6F13001D599D /* Frameworks */,
				8672BC0A22DC6F13001D599D /* Resources */,
				ABE0CBB8BBA0FE301AEB0279 /* [CP] Embed Pods Frameworks */,
			);
			buildRules = (
			);
			dependencies = (
			);
			name = "Entree Federatie";
			productName = "Entree Federatie";
			productReference = 8672BC0C22DC6F13001D599D /* Entree Federatie.app */;
			productType = "com.apple.product-type.application";
		};
		8672BC1F22DC6F14001D599D /* Entree FederatieTests */ = {
			isa = PBXNativeTarget;
			buildConfigurationList = 8672BC2C22DC6F14001D599D /* Build configuration list for PBXNativeTarget "Entree FederatieTests" */;
			buildPhases = (
				D1EB2A8F16512A3E3FB7B8BF /* [CP] Check Pods Manifest.lock */,
				8672BC1C22DC6F14001D599D /* Sources */,
				8672BC1D22DC6F14001D599D /* Frameworks */,
				8672BC1E22DC6F14001D599D /* Resources */,
			);
			buildRules = (
			);
			dependencies = (
				8672BC2222DC6F14001D599D /* PBXTargetDependency */,
			);
			name = "Entree FederatieTests";
			productName = "Entree FederatieTests";
			productReference = 8672BC2022DC6F14001D599D /* Entree FederatieTests.xctest */;
			productType = "com.apple.product-type.bundle.unit-test";
		};
/* End PBXNativeTarget section */

/* Begin PBXProject section */
		8672BC0422DC6F13001D599D /* Project object */ = {
			isa = PBXProject;
			attributes = {
				LastSwiftUpdateCheck = 1020;
				LastUpgradeCheck = 1020;
				ORGANIZATIONNAME = Kennisnet;
				TargetAttributes = {
					8672BC0B22DC6F13001D599D = {
						CreatedOnToolsVersion = 10.2.1;
						SystemCapabilities = {
							com.apple.Keychain = {
								enabled = 1;
							};
						};
					};
					8672BC1F22DC6F14001D599D = {
						CreatedOnToolsVersion = 10.2.1;
						TestTargetID = 8672BC0B22DC6F13001D599D;
					};
				};
			};
			buildConfigurationList = 8672BC0722DC6F13001D599D /* Build configuration list for PBXProject "Entree Federatie" */;
			compatibilityVersion = "Xcode 9.3";
			developmentRegion = en;
			hasScannedForEncodings = 0;
			knownRegions = (
				en,
				Base,
			);
			mainGroup = 8672BC0322DC6F13001D599D;
			productRefGroup = 8672BC0D22DC6F13001D599D /* Products */;
			projectDirPath = "";
			projectRoot = "";
			targets = (
				8672BC0B22DC6F13001D599D /* Entree Federatie */,
				8672BC1F22DC6F14001D599D /* Entree FederatieTests */,
			);
		};
/* End PBXProject section */

/* Begin PBXResourcesBuildPhase section */
		8672BC0A22DC6F13001D599D /* Resources */ = {
			isa = PBXResourcesBuildPhase;
			buildActionMask = 2147483647;
			files = (
				86E1B09522E0AB00001ED349 /* ReadReferentieProperties.js in Resources */,
				8672BC1A22DC6F14001D599D /* LaunchScreen.storyboard in Resources */,
				8672BC1722DC6F14001D599D /* Assets.xcassets in Resources */,
				8672BC1522DC6F13001D599D /* Main.storyboard in Resources */,
			);
			runOnlyForDeploymentPostprocessing = 0;
		};
		8672BC1E22DC6F14001D599D /* Resources */ = {
			isa = PBXResourcesBuildPhase;
			buildActionMask = 2147483647;
			files = (
			);
			runOnlyForDeploymentPostprocessing = 0;
		};
/* End PBXResourcesBuildPhase section */

/* Begin PBXShellScriptBuildPhase section */
		2D99EAF1E504CCECCEF615B8 /* [CP] Check Pods Manifest.lock */ = {
			isa = PBXShellScriptBuildPhase;
			buildActionMask = 2147483647;
			files = (
			);
			inputFileListPaths = (
			);
			inputPaths = (
				"${PODS_PODFILE_DIR_PATH}/Podfile.lock",
				"${PODS_ROOT}/Manifest.lock",
			);
			name = "[CP] Check Pods Manifest.lock";
			outputFileListPaths = (
			);
			outputPaths = (
				"$(DERIVED_FILE_DIR)/Pods-Entree Federatie-checkManifestLockResult.txt",
			);
			runOnlyForDeploymentPostprocessing = 0;
			shellPath = /bin/sh;
			shellScript = "diff \"${PODS_PODFILE_DIR_PATH}/Podfile.lock\" \"${PODS_ROOT}/Manifest.lock\" > /dev/null\nif [ $? != 0 ] ; then\n    # print error to STDERR\n    echo \"error: The sandbox is not in sync with the Podfile.lock. Run 'pod install' or update your CocoaPods installation.\" >&2\n    exit 1\nfi\n# This output is used by Xcode 'outputs' to avoid re-running this script phase.\necho \"SUCCESS\" > \"${SCRIPT_OUTPUT_FILE_0}\"\n";
			showEnvVarsInLog = 0;
		};
		ABE0CBB8BBA0FE301AEB0279 /* [CP] Embed Pods Frameworks */ = {
			isa = PBXShellScriptBuildPhase;
			buildActionMask = 2147483647;
			files = (
			);
			inputFileListPaths = (
			);
			inputPaths = (
				"${PODS_ROOT}/Target Support Files/Pods-Entree Federatie/Pods-Entree Federatie-frameworks.sh",
				"${BUILT_PRODUCTS_DIR}/KeychainSwift/KeychainSwift.framework",
			);
			name = "[CP] Embed Pods Frameworks";
			outputFileListPaths = (
			);
			outputPaths = (
				"${TARGET_BUILD_DIR}/${FRAMEWORKS_FOLDER_PATH}/KeychainSwift.framework",
			);
			runOnlyForDeploymentPostprocessing = 0;
			shellPath = /bin/sh;
			shellScript = "\"${PODS_ROOT}/Target Support Files/Pods-Entree Federatie/Pods-Entree Federatie-frameworks.sh\"\n";
			showEnvVarsInLog = 0;
		};
		D1EB2A8F16512A3E3FB7B8BF /* [CP] Check Pods Manifest.lock */ = {
			isa = PBXShellScriptBuildPhase;
			buildActionMask = 2147483647;
			files = (
			);
			inputFileListPaths = (
			);
			inputPaths = (
				"${PODS_PODFILE_DIR_PATH}/Podfile.lock",
				"${PODS_ROOT}/Manifest.lock",
			);
			name = "[CP] Check Pods Manifest.lock";
			outputFileListPaths = (
			);
			outputPaths = (
				"$(DERIVED_FILE_DIR)/Pods-Entree FederatieTests-checkManifestLockResult.txt",
			);
			runOnlyForDeploymentPostprocessing = 0;
			shellPath = /bin/sh;
			shellScript = "diff \"${PODS_PODFILE_DIR_PATH}/Podfile.lock\" \"${PODS_ROOT}/Manifest.lock\" > /dev/null\nif [ $? != 0 ] ; then\n    # print error to STDERR\n    echo \"error: The sandbox is not in sync with the Podfile.lock. Run 'pod install' or update your CocoaPods installation.\" >&2\n    exit 1\nfi\n# This output is used by Xcode 'outputs' to avoid re-running this script phase.\necho \"SUCCESS\" > \"${SCRIPT_OUTPUT_FILE_0}\"\n";
			showEnvVarsInLog = 0;
		};
/* End PBXShellScriptBuildPhase section */

/* Begin PBXSourcesBuildPhase section */
		8672BC0822DC6F13001D599D /* Sources */ = {
			isa = PBXSourcesBuildPhase;
			buildActionMask = 2147483647;
			files = (
				86BD568F22E0A15D0001E1E0 /* HTTPManager.swift in Sources */,
				8672BC3422DCA298001D599D /* MainViewController.swift in Sources */,
				8672BC3722DCAF10001D599D /* HTTPCookieArchiving.swift in Sources */,
				8672BC3022DC7DD0001D599D /* LoginViewController.swift in Sources */,
				8672BC3A22DCC027001D599D /* SessionManager.swift in Sources */,
				86E1B09322E0AA1B001ED349 /* ReferentieProperties.swift in Sources */,
				86E1B09022E0A993001ED349 /* HTMLParser.swift in Sources */,
				8672BC3C22E06A2C001D599D /* SessionStorage.swift in Sources */,
				8672BC1022DC6F13001D599D /* AppDelegate.swift in Sources */,
			);
			runOnlyForDeploymentPostprocessing = 0;
		};
		8672BC1C22DC6F14001D599D /* Sources */ = {
			isa = PBXSourcesBuildPhase;
			buildActionMask = 2147483647;
			files = (
				8672BC2522DC6F14001D599D /* Entree_FederatieTests.swift in Sources */,
			);
			runOnlyForDeploymentPostprocessing = 0;
		};
/* End PBXSourcesBuildPhase section */

/* Begin PBXTargetDependency section */
		8672BC2222DC6F14001D599D /* PBXTargetDependency */ = {
			isa = PBXTargetDependency;
			target = 8672BC0B22DC6F13001D599D /* Entree Federatie */;
			targetProxy = 8672BC2122DC6F14001D599D /* PBXContainerItemProxy */;
		};
/* End PBXTargetDependency section */

/* Begin PBXVariantGroup section */
		8672BC1322DC6F13001D599D /* Main.storyboard */ = {
			isa = PBXVariantGroup;
			children = (
				8672BC1422DC6F13001D599D /* Base */,
			);
			name = Main.storyboard;
			sourceTree = "<group>";
		};
		8672BC1822DC6F14001D599D /* LaunchScreen.storyboard */ = {
			isa = PBXVariantGroup;
			children = (
				8672BC1922DC6F14001D599D /* Base */,
			);
			name = LaunchScreen.storyboard;
			sourceTree = "<group>";
		};
/* End PBXVariantGroup section */

/* Begin XCBuildConfiguration section */
		8672BC2722DC6F14001D599D /* Debug */ = {
			isa = XCBuildConfiguration;
			buildSettings = {
				ALWAYS_SEARCH_USER_PATHS = NO;
				CLANG_ANALYZER_NONNULL = YES;
				CLANG_ANALYZER_NUMBER_OBJECT_CONVERSION = YES_AGGRESSIVE;
				CLANG_CXX_LANGUAGE_STANDARD = "gnu++14";
				CLANG_CXX_LIBRARY = "libc++";
				CLANG_ENABLE_MODULES = YES;
				CLANG_ENABLE_OBJC_ARC = YES;
				CLANG_ENABLE_OBJC_WEAK = YES;
				CLANG_WARN_BLOCK_CAPTURE_AUTORELEASING = YES;
				CLANG_WARN_BOOL_CONVERSION = YES;
				CLANG_WARN_COMMA = YES;
				CLANG_WARN_CONSTANT_CONVERSION = YES;
				CLANG_WARN_DEPRECATED_OBJC_IMPLEMENTATIONS = YES;
				CLANG_WARN_DIRECT_OBJC_ISA_USAGE = YES_ERROR;
				CLANG_WARN_DOCUMENTATION_COMMENTS = YES;
				CLANG_WARN_EMPTY_BODY = YES;
				CLANG_WARN_ENUM_CONVERSION = YES;
				CLANG_WARN_INFINITE_RECURSION = YES;
				CLANG_WARN_INT_CONVERSION = YES;
				CLANG_WARN_NON_LITERAL_NULL_CONVERSION = YES;
				CLANG_WARN_OBJC_IMPLICIT_RETAIN_SELF = YES;
				CLANG_WARN_OBJC_LITERAL_CONVERSION = YES;
				CLANG_WARN_OBJC_ROOT_CLASS = YES_ERROR;
				CLANG_WARN_RANGE_LOOP_ANALYSIS = YES;
				CLANG_WARN_STRICT_PROTOTYPES = YES;
				CLANG_WARN_SUSPICIOUS_MOVE = YES;
				CLANG_WARN_UNGUARDED_AVAILABILITY = YES_AGGRESSIVE;
				CLANG_WARN_UNREACHABLE_CODE = YES;
				CLANG_WARN__DUPLICATE_METHOD_MATCH = YES;
				CODE_SIGN_IDENTITY = "iPhone Developer";
				COPY_PHASE_STRIP = NO;
				DEBUG_INFORMATION_FORMAT = dwarf;
				ENABLE_STRICT_OBJC_MSGSEND = YES;
				ENABLE_TESTABILITY = YES;
				GCC_C_LANGUAGE_STANDARD = gnu11;
				GCC_DYNAMIC_NO_PIC = NO;
				GCC_NO_COMMON_BLOCKS = YES;
				GCC_OPTIMIZATION_LEVEL = 0;
				GCC_PREPROCESSOR_DEFINITIONS = (
					"DEBUG=1",
					"$(inherited)",
				);
				GCC_WARN_64_TO_32_BIT_CONVERSION = YES;
				GCC_WARN_ABOUT_RETURN_TYPE = YES_ERROR;
				GCC_WARN_UNDECLARED_SELECTOR = YES;
				GCC_WARN_UNINITIALIZED_AUTOS = YES_AGGRESSIVE;
				GCC_WARN_UNUSED_FUNCTION = YES;
				GCC_WARN_UNUSED_VARIABLE = YES;
				IPHONEOS_DEPLOYMENT_TARGET = 12.2;
				MTL_ENABLE_DEBUG_INFO = INCLUDE_SOURCE;
				MTL_FAST_MATH = YES;
				ONLY_ACTIVE_ARCH = YES;
				SDKROOT = iphoneos;
				SWIFT_ACTIVE_COMPILATION_CONDITIONS = DEBUG;
				SWIFT_OPTIMIZATION_LEVEL = "-Onone";
			};
			name = Debug;
		};
		8672BC2822DC6F14001D599D /* Release */ = {
			isa = XCBuildConfiguration;
			buildSettings = {
				ALWAYS_SEARCH_USER_PATHS = NO;
				CLANG_ANALYZER_NONNULL = YES;
				CLANG_ANALYZER_NUMBER_OBJECT_CONVERSION = YES_AGGRESSIVE;
				CLANG_CXX_LANGUAGE_STANDARD = "gnu++14";
				CLANG_CXX_LIBRARY = "libc++";
				CLANG_ENABLE_MODULES = YES;
				CLANG_ENABLE_OBJC_ARC = YES;
				CLANG_ENABLE_OBJC_WEAK = YES;
				CLANG_WARN_BLOCK_CAPTURE_AUTORELEASING = YES;
				CLANG_WARN_BOOL_CONVERSION = YES;
				CLANG_WARN_COMMA = YES;
				CLANG_WARN_CONSTANT_CONVERSION = YES;
				CLANG_WARN_DEPRECATED_OBJC_IMPLEMENTATIONS = YES;
				CLANG_WARN_DIRECT_OBJC_ISA_USAGE = YES_ERROR;
				CLANG_WARN_DOCUMENTATION_COMMENTS = YES;
				CLANG_WARN_EMPTY_BODY = YES;
				CLANG_WARN_ENUM_CONVERSION = YES;
				CLANG_WARN_INFINITE_RECURSION = YES;
				CLANG_WARN_INT_CONVERSION = YES;
				CLANG_WARN_NON_LITERAL_NULL_CONVERSION = YES;
				CLANG_WARN_OBJC_IMPLICIT_RETAIN_SELF = YES;
				CLANG_WARN_OBJC_LITERAL_CONVERSION = YES;
				CLANG_WARN_OBJC_ROOT_CLASS = YES_ERROR;
				CLANG_WARN_RANGE_LOOP_ANALYSIS = YES;
				CLANG_WARN_STRICT_PROTOTYPES = YES;
				CLANG_WARN_SUSPICIOUS_MOVE = YES;
				CLANG_WARN_UNGUARDED_AVAILABILITY = YES_AGGRESSIVE;
				CLANG_WARN_UNREACHABLE_CODE = YES;
				CLANG_WARN__DUPLICATE_METHOD_MATCH = YES;
				CODE_SIGN_IDENTITY = "iPhone Developer";
				COPY_PHASE_STRIP = NO;
				DEBUG_INFORMATION_FORMAT = "dwarf-with-dsym";
				ENABLE_NS_ASSERTIONS = NO;
				ENABLE_STRICT_OBJC_MSGSEND = YES;
				GCC_C_LANGUAGE_STANDARD = gnu11;
				GCC_NO_COMMON_BLOCKS = YES;
				GCC_WARN_64_TO_32_BIT_CONVERSION = YES;
				GCC_WARN_ABOUT_RETURN_TYPE = YES_ERROR;
				GCC_WARN_UNDECLARED_SELECTOR = YES;
				GCC_WARN_UNINITIALIZED_AUTOS = YES_AGGRESSIVE;
				GCC_WARN_UNUSED_FUNCTION = YES;
				GCC_WARN_UNUSED_VARIABLE = YES;
				IPHONEOS_DEPLOYMENT_TARGET = 12.2;
				MTL_ENABLE_DEBUG_INFO = NO;
				MTL_FAST_MATH = YES;
				SDKROOT = iphoneos;
				SWIFT_COMPILATION_MODE = wholemodule;
				SWIFT_OPTIMIZATION_LEVEL = "-O";
				VALIDATE_PRODUCT = YES;
			};
			name = Release;
		};
		8672BC2A22DC6F14001D599D /* Debug */ = {
			isa = XCBuildConfiguration;
			baseConfigurationReference = 37D3E50F9788867767B7AFB6 /* Pods-Entree Federatie.debug.xcconfig */;
			buildSettings = {
				ASSETCATALOG_COMPILER_APPICON_NAME = AppIcon;
				CODE_SIGN_ENTITLEMENTS = "Entree Federatie/Entree Federatie.entitlements";
				CODE_SIGN_STYLE = Automatic;
				DEVELOPMENT_TEAM = HBX6JETZQ9;
				INFOPLIST_FILE = "Entree Federatie/SupportFiles/Info.plist";
				LD_RUNPATH_SEARCH_PATHS = (
					"$(inherited)",
					"@executable_path/Frameworks",
				);
				PRODUCT_BUNDLE_IDENTIFIER = "kennisnet.Entree-Federatie";
				PRODUCT_NAME = "$(TARGET_NAME)";
				SWIFT_VERSION = 5.0;
				TARGETED_DEVICE_FAMILY = "1,2";
			};
			name = Debug;
		};
		8672BC2B22DC6F14001D599D /* Release */ = {
			isa = XCBuildConfiguration;
			baseConfigurationReference = 1EAB7D31ED95E4572355B6AF /* Pods-Entree Federatie.release.xcconfig */;
			buildSettings = {
				ASSETCATALOG_COMPILER_APPICON_NAME = AppIcon;
				CODE_SIGN_ENTITLEMENTS = "Entree Federatie/Entree Federatie.entitlements";
				CODE_SIGN_STYLE = Automatic;
				DEVELOPMENT_TEAM = HBX6JETZQ9;
				INFOPLIST_FILE = "Entree Federatie/SupportFiles/Info.plist";
				LD_RUNPATH_SEARCH_PATHS = (
					"$(inherited)",
					"@executable_path/Frameworks",
				);
				PRODUCT_BUNDLE_IDENTIFIER = "kennisnet.Entree-Federatie";
				PRODUCT_NAME = "$(TARGET_NAME)";
				SWIFT_VERSION = 5.0;
				TARGETED_DEVICE_FAMILY = "1,2";
			};
			name = Release;
		};
		8672BC2D22DC6F14001D599D /* Debug */ = {
			isa = XCBuildConfiguration;
			baseConfigurationReference = F0B75A6617D4A0E762F08124 /* Pods-Entree FederatieTests.debug.xcconfig */;
			buildSettings = {
				ALWAYS_EMBED_SWIFT_STANDARD_LIBRARIES = YES;
				BUNDLE_LOADER = "$(TEST_HOST)";
				CODE_SIGN_STYLE = Automatic;
				DEVELOPMENT_TEAM = HBX6JETZQ9;
				INFOPLIST_FILE = "Entree FederatieTests/Info.plist";
				LD_RUNPATH_SEARCH_PATHS = (
					"$(inherited)",
					"@executable_path/Frameworks",
					"@loader_path/Frameworks",
				);
				PRODUCT_BUNDLE_IDENTIFIER = "kennisnet.Entree-FederatieTests";
				PRODUCT_NAME = "$(TARGET_NAME)";
				SWIFT_VERSION = 5.0;
				TARGETED_DEVICE_FAMILY = "1,2";
				TEST_HOST = "$(BUILT_PRODUCTS_DIR)/Entree Federatie.app/Entree Federatie";
			};
			name = Debug;
		};
		8672BC2E22DC6F14001D599D /* Release */ = {
			isa = XCBuildConfiguration;
			baseConfigurationReference = 0F688BBB052F24DCE3629843 /* Pods-Entree FederatieTests.release.xcconfig */;
			buildSettings = {
				ALWAYS_EMBED_SWIFT_STANDARD_LIBRARIES = YES;
				BUNDLE_LOADER = "$(TEST_HOST)";
				CODE_SIGN_STYLE = Automatic;
				DEVELOPMENT_TEAM = HBX6JETZQ9;
				INFOPLIST_FILE = "Entree FederatieTests/Info.plist";
				LD_RUNPATH_SEARCH_PATHS = (
					"$(inherited)",
					"@executable_path/Frameworks",
					"@loader_path/Frameworks",
				);
				PRODUCT_BUNDLE_IDENTIFIER = "kennisnet.Entree-FederatieTests";
				PRODUCT_NAME = "$(TARGET_NAME)";
				SWIFT_VERSION = 5.0;
				TARGETED_DEVICE_FAMILY = "1,2";
				TEST_HOST = "$(BUILT_PRODUCTS_DIR)/Entree Federatie.app/Entree Federatie";
			};
			name = Release;
		};
/* End XCBuildConfiguration section */

/* Begin XCConfigurationList section */
		8672BC0722DC6F13001D599D /* Build configuration list for PBXProject "Entree Federatie" */ = {
			isa = XCConfigurationList;
			buildConfigurations = (
				8672BC2722DC6F14001D599D /* Debug */,
				8672BC2822DC6F14001D599D /* Release */,
			);
			defaultConfigurationIsVisible = 0;
			defaultConfigurationName = Release;
		};
		8672BC2922DC6F14001D599D /* Build configuration list for PBXNativeTarget "Entree Federatie" */ = {
			isa = XCConfigurationList;
			buildConfigurations = (
				8672BC2A22DC6F14001D599D /* Debug */,
				8672BC2B22DC6F14001D599D /* Release */,
			);
			defaultConfigurationIsVisible = 0;
			defaultConfigurationName = Release;
		};
		8672BC2C22DC6F14001D599D /* Build configuration list for PBXNativeTarget "Entree FederatieTests" */ = {
			isa = XCConfigurationList;
			buildConfigurations = (
				8672BC2D22DC6F14001D599D /* Debug */,
				8672BC2E22DC6F14001D599D /* Release */,
			);
			defaultConfigurationIsVisible = 0;
			defaultConfigurationName = Release;
		};
/* End XCConfigurationList section */
	};
	rootObject = 8672BC0422DC6F13001D599D /* Project object */;
}
